// !$*UTF8*$!
{
	archiveVersion = 1;
	classes = {
	};
	objectVersion = 48;
	objects = {

/* Begin PBXBuildFile section */
		2D7572742024C0E900D684B7 /* AppDelegate.swift in Sources */ = {isa = PBXBuildFile; fileRef = 2D7572732024C0E900D684B7 /* AppDelegate.swift */; };
		2D7572792024C0E900D684B7 /* Main.storyboard in Resources */ = {isa = PBXBuildFile; fileRef = 2D7572772024C0E900D684B7 /* Main.storyboard */; };
		2D75727B2024C0E900D684B7 /* Assets.xcassets in Resources */ = {isa = PBXBuildFile; fileRef = 2D75727A2024C0E900D684B7 /* Assets.xcassets */; };
		2D75727E2024C0E900D684B7 /* LaunchScreen.storyboard in Resources */ = {isa = PBXBuildFile; fileRef = 2D75727C2024C0E900D684B7 /* LaunchScreen.storyboard */; };
		2D7572922024C9AD00D684B7 /* TableViewController.swift in Sources */ = {isa = PBXBuildFile; fileRef = 2D7572912024C9AD00D684B7 /* TableViewController.swift */; };
		2DD85250205029D70013BAD7 /* ReadMe.md in Resources */ = {isa = PBXBuildFile; fileRef = 2DD8524F205029D70013BAD7 /* ReadMe.md */; };
/* End PBXBuildFile section */

/* Begin PBXFileReference section */
		2D7572702024C0E900D684B7 /* BugCoreBluetoothConnectivity.app */ = {isa = PBXFileReference; explicitFileType = wrapper.application; includeInIndex = 0; path = BugCoreBluetoothConnectivity.app; sourceTree = BUILT_PRODUCTS_DIR; };
		2D7572732024C0E900D684B7 /* AppDelegate.swift */ = {isa = PBXFileReference; lastKnownFileType = sourcecode.swift; path = AppDelegate.swift; sourceTree = "<group>"; };
		2D7572782024C0E900D684B7 /* Base */ = {isa = PBXFileReference; lastKnownFileType = file.storyboard; name = Base; path = Base.lproj/Main.storyboard; sourceTree = "<group>"; };
		2D75727A2024C0E900D684B7 /* Assets.xcassets */ = {isa = PBXFileReference; lastKnownFileType = folder.assetcatalog; path = Assets.xcassets; sourceTree = "<group>"; };
		2D75727D2024C0E900D684B7 /* Base */ = {isa = PBXFileReference; lastKnownFileType = file.storyboard; name = Base; path = Base.lproj/LaunchScreen.storyboard; sourceTree = "<group>"; };
		2D75727F2024C0E900D684B7 /* Info.plist */ = {isa = PBXFileReference; lastKnownFileType = text.plist.xml; path = Info.plist; sourceTree = "<group>"; };
		2D7572912024C9AD00D684B7 /* TableViewController.swift */ = {isa = PBXFileReference; lastKnownFileType = sourcecode.swift; path = TableViewController.swift; sourceTree = "<group>"; };
		2DD8524F205029D70013BAD7 /* ReadMe.md */ = {isa = PBXFileReference; fileEncoding = 4; lastKnownFileType = net.daringfireball.markdown; path = ReadMe.md; sourceTree = SOURCE_ROOT; };
/* End PBXFileReference section */

/* Begin PBXFrameworksBuildPhase section */
		2D75726D2024C0E900D684B7 /* Frameworks */ = {
			isa = PBXFrameworksBuildPhase;
			buildActionMask = 2147483647;
			files = (
			);
			runOnlyForDeploymentPostprocessing = 0;
		};
/* End PBXFrameworksBuildPhase section */

/* Begin PBXGroup section */
		2D7572672024C0E900D684B7 = {
			isa = PBXGroup;
			children = (
				2D7572722024C0E900D684B7 /* BugCoreBluetoothConnectivity */,
				2D7572712024C0E900D684B7 /* Products */,
			);
			sourceTree = "<group>";
		};
		2D7572712024C0E900D684B7 /* Products */ = {
			isa = PBXGroup;
			children = (
				2D7572702024C0E900D684B7 /* BugCoreBluetoothConnectivity.app */,
			);
			name = Products;
			sourceTree = "<group>";
		};
		2D7572722024C0E900D684B7 /* BugCoreBluetoothConnectivity */ = {
			isa = PBXGroup;
			children = (
				2D7572732024C0E900D684B7 /* AppDelegate.swift */,
				2D7572912024C9AD00D684B7 /* TableViewController.swift */,
				2D7572772024C0E900D684B7 /* Main.storyboard */,
				2D75727A2024C0E900D684B7 /* Assets.xcassets */,
				2D75727C2024C0E900D684B7 /* LaunchScreen.storyboard */,
				2D75727F2024C0E900D684B7 /* Info.plist */,
				2DD8524F205029D70013BAD7 /* ReadMe.md */,
			);
			path = BugCoreBluetoothConnectivity;
			sourceTree = "<group>";
		};
/* End PBXGroup section */

/* Begin PBXNativeTarget section */
		2D75726F2024C0E900D684B7 /* BugCoreBluetoothConnectivity */ = {
			isa = PBXNativeTarget;
			buildConfigurationList = 2D7572822024C0E900D684B7 /* Build configuration list for PBXNativeTarget "BugCoreBluetoothConnectivity" */;
			buildPhases = (
				2D75726C2024C0E900D684B7 /* Sources */,
				2D75726D2024C0E900D684B7 /* Frameworks */,
				2D75726E2024C0E900D684B7 /* Resources */,
			);
			buildRules = (
			);
			dependencies = (
			);
			name = BugCoreBluetoothConnectivity;
			productName = BugCoreBluetoothConnectivity;
			productReference = 2D7572702024C0E900D684B7 /* BugCoreBluetoothConnectivity.app */;
			productType = "com.apple.product-type.application";
		};
/* End PBXNativeTarget section */

/* Begin PBXProject section */
		2D7572682024C0E900D684B7 /* Project object */ = {
			isa = PBXProject;
			attributes = {
				LastSwiftUpdateCheck = 0920;
				LastUpgradeCheck = 0920;
				ORGANIZATIONNAME = "Zsombor Szabo";
				TargetAttributes = {
					2D75726F2024C0E900D684B7 = {
						CreatedOnToolsVersion = 9.2;
						ProvisioningStyle = Automatic;
						SystemCapabilities = {
							com.apple.BackgroundModes = {
								enabled = 1;
							};
						};
					};
				};
			};
			buildConfigurationList = 2D75726B2024C0E900D684B7 /* Build configuration list for PBXProject "BugCoreBluetoothConnectivity" */;
			compatibilityVersion = "Xcode 8.0";
			developmentRegion = en;
			hasScannedForEncodings = 0;
			knownRegions = (
				en,
				Base,
			);
			mainGroup = 2D7572672024C0E900D684B7;
			productRefGroup = 2D7572712024C0E900D684B7 /* Products */;
			projectDirPath = "";
			projectRoot = "";
			targets = (
				2D75726F2024C0E900D684B7 /* BugCoreBluetoothConnectivity */,
			);
		};
/* End PBXProject section */

/* Begin PBXResourcesBuildPhase section */
		2D75726E2024C0E900D684B7 /* Resources */ = {
			isa = PBXResourcesBuildPhase;
			buildActionMask = 2147483647;
			files = (
				2D75727E2024C0E900D684B7 /* LaunchScreen.storyboard in Resources */,
				2D75727B2024C0E900D684B7 /* Assets.xcassets in Resources */,
				2DD85250205029D70013BAD7 /* ReadMe.md in Resources */,
				2D7572792024C0E900D684B7 /* Main.storyboard in Resources */,
			);
			runOnlyForDeploymentPostprocessing = 0;
		};
/* End PBXResourcesBuildPhase section */

/* Begin PBXSourcesBuildPhase section */
		2D75726C2024C0E900D684B7 /* Sources */ = {
			isa = PBXSourcesBuildPhase;
			buildActionMask = 2147483647;
			files = (
				2D7572922024C9AD00D684B7 /* TableViewController.swift in Sources */,
				2D7572742024C0E900D684B7 /* AppDelegate.swift in Sources */,
			);
			runOnlyForDeploymentPostprocessing = 0;
		};
/* End PBXSourcesBuildPhase section */

/* Begin PBXVariantGroup section */
		2D7572772024C0E900D684B7 /* Main.storyboard */ = {
			isa = PBXVariantGroup;
			children = (
				2D7572782024C0E900D684B7 /* Base */,
			);
			name = Main.storyboard;
			sourceTree = "<group>";
		};
		2D75727C2024C0E900D684B7 /* LaunchScreen.storyboard */ = {
			isa = PBXVariantGroup;
			children = (
				2D75727D2024C0E900D684B7 /* Base */,
			);
			name = LaunchScreen.storyboard;
			sourceTree = "<group>";
		};
/* End PBXVariantGroup section */

/* Begin XCBuildConfiguration section */
		2D7572802024C0E900D684B7 /* Debug */ = {
			isa = XCBuildConfiguration;
			buildSettings = {
				ALWAYS_SEARCH_USER_PATHS = NO;
				CLANG_ANALYZER_NONNULL = YES;
				CLANG_ANALYZER_NUMBER_OBJECT_CONVERSION = YES_AGGRESSIVE;
				CLANG_CXX_LANGUAGE_STANDARD = "gnu++14";
				CLANG_CXX_LIBRARY = "libc++";
				CLANG_ENABLE_MODULES = YES;
				CLANG_ENABLE_OBJC_ARC = YES;
				CLANG_WARN_BLOCK_CAPTURE_AUTORELEASING = YES;
				CLANG_WARN_BOOL_CONVERSION = YES;
				CLANG_WARN_COMMA = YES;
				CLANG_WARN_CONSTANT_CONVERSION = YES;
				CLANG_WARN_DIRECT_OBJC_ISA_USAGE = YES_ERROR;
				CLANG_WARN_DOCUMENTATION_COMMENTS = YES;
				CLANG_WARN_EMPTY_BODY = YES;
				CLANG_WARN_ENUM_CONVERSION = YES;
				CLANG_WARN_INFINITE_RECURSION = YES;
				CLANG_WARN_INT_CONVERSION = YES;
				CLANG_WARN_NON_LITERAL_NULL_CONVERSION = YES;
				CLANG_WARN_OBJC_LITERAL_CONVERSION = YES;
				CLANG_WARN_OBJC_ROOT_CLASS = YES_ERROR;
				CLANG_WARN_RANGE_LOOP_ANALYSIS = YES;
				CLANG_WARN_STRICT_PROTOTYPES = YES;
				CLANG_WARN_SUSPICIOUS_MOVE = YES;
				CLANG_WARN_UNGUARDED_AVAILABILITY = YES_AGGRESSIVE;
				CLANG_WARN_UNREACHABLE_CODE = YES;
				CLANG_WARN__DUPLICATE_METHOD_MATCH = YES;
				CODE_SIGN_IDENTITY = "iPhone Developer";
				COPY_PHASE_STRIP = NO;
				DEBUG_INFORMATION_FORMAT = dwarf;
				ENABLE_STRICT_OBJC_MSGSEND = YES;
				ENABLE_TESTABILITY = YES;
				GCC_C_LANGUAGE_STANDARD = gnu11;
				GCC_DYNAMIC_NO_PIC = NO;
				GCC_NO_COMMON_BLOCKS = YES;
				GCC_OPTIMIZATION_LEVEL = 0;
				GCC_PREPROCESSOR_DEFINITIONS = (
					"DEBUG=1",
					"$(inherited)",
				);
				GCC_WARN_64_TO_32_BIT_CONVERSION = YES;
				GCC_WARN_ABOUT_RETURN_TYPE = YES_ERROR;
				GCC_WARN_UNDECLARED_SELECTOR = YES;
				GCC_WARN_UNINITIALIZED_AUTOS = YES_AGGRESSIVE;
				GCC_WARN_UNUSED_FUNCTION = YES;
				GCC_WARN_UNUSED_VARIABLE = YES;
				IPHONEOS_DEPLOYMENT_TARGET = 11.2;
				MTL_ENABLE_DEBUG_INFO = YES;
				ONLY_ACTIVE_ARCH = YES;
				SDKROOT = iphoneos;
				SWIFT_ACTIVE_COMPILATION_CONDITIONS = DEBUG;
				SWIFT_OPTIMIZATION_LEVEL = "-Onone";
			};
			name = Debug;
		};
		2D7572812024C0E900D684B7 /* Release */ = {
			isa = XCBuildConfiguration;
			buildSettings = {
				ALWAYS_SEARCH_USER_PATHS = NO;
				CLANG_ANALYZER_NONNULL = YES;
				CLANG_ANALYZER_NUMBER_OBJECT_CONVERSION = YES_AGGRESSIVE;
				CLANG_CXX_LANGUAGE_STANDARD = "gnu++14";
				CLANG_CXX_LIBRARY = "libc++";
				CLANG_ENABLE_MODULES = YES;
				CLANG_ENABLE_OBJC_ARC = YES;
				CLANG_WARN_BLOCK_CAPTURE_AUTORELEASING = YES;
				CLANG_WARN_BOOL_CONVERSION = YES;
				CLANG_WARN_COMMA = YES;
				CLANG_WARN_CONSTANT_CONVERSION = YES;
				CLANG_WARN_DIRECT_OBJC_ISA_USAGE = YES_ERROR;
				CLANG_WARN_DOCUMENTATION_COMMENTS = YES;
				CLANG_WARN_EMPTY_BODY = YES;
				CLANG_WARN_ENUM_CONVERSION = YES;
				CLANG_WARN_INFINITE_RECURSION = YES;
				CLANG_WARN_INT_CONVERSION = YES;
				CLANG_WARN_NON_LITERAL_NULL_CONVERSION = YES;
				CLANG_WARN_OBJC_LITERAL_CONVERSION = YES;
				CLANG_WARN_OBJC_ROOT_CLASS = YES_ERROR;
				CLANG_WARN_RANGE_LOOP_ANALYSIS = YES;
				CLANG_WARN_STRICT_PROTOTYPES = YES;
				CLANG_WARN_SUSPICIOUS_MOVE = YES;
				CLANG_WARN_UNGUARDED_AVAILABILITY = YES_AGGRESSIVE;
				CLANG_WARN_UNREACHABLE_CODE = YES;
				CLANG_WARN__DUPLICATE_METHOD_MATCH = YES;
				CODE_SIGN_IDENTITY = "iPhone Developer";
				COPY_PHASE_STRIP = NO;
				DEBUG_INFORMATION_FORMAT = "dwarf-with-dsym";
				ENABLE_NS_ASSERTIONS = NO;
				ENABLE_STRICT_OBJC_MSGSEND = YES;
				GCC_C_LANGUAGE_STANDARD = gnu11;
				GCC_NO_COMMON_BLOCKS = YES;
				GCC_WARN_64_TO_32_BIT_CONVERSION = YES;
				GCC_WARN_ABOUT_RETURN_TYPE = YES_ERROR;
				GCC_WARN_UNDECLARED_SELECTOR = YES;
				GCC_WARN_UNINITIALIZED_AUTOS = YES_AGGRESSIVE;
				GCC_WARN_UNUSED_FUNCTION = YES;
				GCC_WARN_UNUSED_VARIABLE = YES;
				IPHONEOS_DEPLOYMENT_TARGET = 11.2;
				MTL_ENABLE_DEBUG_INFO = NO;
				SDKROOT = iphoneos;
				SWIFT_OPTIMIZATION_LEVEL = "-Owholemodule";
				VALIDATE_PRODUCT = YES;
			};
			name = Release;
		};
		2D7572832024C0E900D684B7 /* Debug */ = {
			isa = XCBuildConfiguration;
			buildSettings = {
				ASSETCATALOG_COMPILER_APPICON_NAME = AppIcon;
				CODE_SIGN_STYLE = Automatic;
				DEVELOPMENT_TEAM = S647QX78WZ;
				INFOPLIST_FILE = BugCoreBluetoothConnectivity/Info.plist;
				IPHONEOS_DEPLOYMENT_TARGET = 11.0;
				LD_RUNPATH_SEARCH_PATHS = "$(inherited) @executable_path/Frameworks";
				PRODUCT_BUNDLE_IDENTIFIER = company.ize.BugCoreBluetoothConnectivity;
				PRODUCT_NAME = "$(TARGET_NAME)";
				SWIFT_VERSION = 4.0;
				TARGETED_DEVICE_FAMILY = "1,2";
			};
			name = Debug;
		};
		2D7572842024C0E900D684B7 /* Release */ = {
			isa = XCBuildConfiguration;
			buildSettings = {
				ASSETCATALOG_COMPILER_APPICON_NAME = AppIcon;
				CODE_SIGN_STYLE = Automatic;
				DEVELOPMENT_TEAM = S647QX78WZ;
				INFOPLIST_FILE = BugCoreBluetoothConnectivity/Info.plist;
				IPHONEOS_DEPLOYMENT_TARGET = 11.0;
				LD_RUNPATH_SEARCH_PATHS = "$(inherited) @executable_path/Frameworks";
				PRODUCT_BUNDLE_IDENTIFIER = company.ize.BugCoreBluetoothConnectivity;
				PRODUCT_NAME = "$(TARGET_NAME)";
				SWIFT_VERSION = 4.0;
				TARGETED_DEVICE_FAMILY = "1,2";
			};
			name = Release;
		};
/* End XCBuildConfiguration section */

/* Begin XCConfigurationList section */
		2D75726B2024C0E900D684B7 /* Build configuration list for PBXProject "BugCoreBluetoothConnectivity" */ = {
			isa = XCConfigurationList;
			buildConfigurations = (
				2D7572802024C0E900D684B7 /* Debug */,
				2D7572812024C0E900D684B7 /* Release */,
			);
			defaultConfigurationIsVisible = 0;
			defaultConfigurationName = Release;
		};
		2D7572822024C0E900D684B7 /* Build configuration list for PBXNativeTarget "BugCoreBluetoothConnectivity" */ = {
			isa = XCConfigurationList;
			buildConfigurations = (
				2D7572832024C0E900D684B7 /* Debug */,
				2D7572842024C0E900D684B7 /* Release */,
			);
			defaultConfigurationIsVisible = 0;
			defaultConfigurationName = Release;
		};
/* End XCConfigurationList section */
	};
	rootObject = 2D7572682024C0E900D684B7 /* Project object */;
}
